// !$*UTF8*$!
{
	archiveVersion = 1;
	classes = {
	};
	objectVersion = 46;
	objects = {

/* Begin PBXBuildFile section */
		9F6009DE1E6458AF002FC75E /* AppDelegate.swift in Sources */ = {isa = PBXBuildFile; fileRef = 9F6009DD1E6458AF002FC75E /* AppDelegate.swift */; };
		9F6009E01E6458AF002FC75E /* ViewController.swift in Sources */ = {isa = PBXBuildFile; fileRef = 9F6009DF1E6458AF002FC75E /* ViewController.swift */; };
		9F6009E31E6458AF002FC75E /* Main.storyboard in Resources */ = {isa = PBXBuildFile; fileRef = 9F6009E11E6458AF002FC75E /* Main.storyboard */; };
		9F6009E51E6458AF002FC75E /* Assets.xcassets in Resources */ = {isa = PBXBuildFile; fileRef = 9F6009E41E6458AF002FC75E /* Assets.xcassets */; };
		9F6009E81E6458AF002FC75E /* LaunchScreen.storyboard in Resources */ = {isa = PBXBuildFile; fileRef = 9F6009E61E6458AF002FC75E /* LaunchScreen.storyboard */; };
		9F6009F31E6458B0002FC75E /* ios_uikit_uifont_demoTests.swift in Sources */ = {isa = PBXBuildFile; fileRef = 9F6009F21E6458B0002FC75E /* ios_uikit_uifont_demoTests.swift */; };
		9F6009FE1E6458B0002FC75E /* ios_uikit_uifont_demoUITests.swift in Sources */ = {isa = PBXBuildFile; fileRef = 9F6009FD1E6458B0002FC75E /* ios_uikit_uifont_demoUITests.swift */; };
/* End PBXBuildFile section */

/* Begin PBXContainerItemProxy section */
		9F6009EF1E6458B0002FC75E /* PBXContainerItemProxy */ = {
			isa = PBXContainerItemProxy;
			containerPortal = 9F6009D21E6458AF002FC75E /* Project object */;
			proxyType = 1;
			remoteGlobalIDString = 9F6009D91E6458AF002FC75E;
			remoteInfo = "ios-uikit-uifont-demo";
		};
		9F6009FA1E6458B0002FC75E /* PBXContainerItemProxy */ = {
			isa = PBXContainerItemProxy;
			containerPortal = 9F6009D21E6458AF002FC75E /* Project object */;
			proxyType = 1;
			remoteGlobalIDString = 9F6009D91E6458AF002FC75E;
			remoteInfo = "ios-uikit-uifont-demo";
		};
/* End PBXContainerItemProxy section */

/* Begin PBXFileReference section */
		9F6009DA1E6458AF002FC75E /* ios-uikit-uifont-demo.app */ = {isa = PBXFileReference; explicitFileType = wrapper.application; includeInIndex = 0; path = "ios-uikit-uifont-demo.app"; sourceTree = BUILT_PRODUCTS_DIR; };
		9F6009DD1E6458AF002FC75E /* AppDelegate.swift */ = {isa = PBXFileReference; lastKnownFileType = sourcecode.swift; path = AppDelegate.swift; sourceTree = "<group>"; };
		9F6009DF1E6458AF002FC75E /* ViewController.swift */ = {isa = PBXFileReference; lastKnownFileType = sourcecode.swift; path = ViewController.swift; sourceTree = "<group>"; };
		9F6009E21E6458AF002FC75E /* Base */ = {isa = PBXFileReference; lastKnownFileType = file.storyboard; name = Base; path = Base.lproj/Main.storyboard; sourceTree = "<group>"; };
		9F6009E41E6458AF002FC75E /* Assets.xcassets */ = {isa = PBXFileReference; lastKnownFileType = folder.assetcatalog; path = Assets.xcassets; sourceTree = "<group>"; };
		9F6009E71E6458AF002FC75E /* Base */ = {isa = PBXFileReference; lastKnownFileType = file.storyboard; name = Base; path = Base.lproj/LaunchScreen.storyboard; sourceTree = "<group>"; };
		9F6009E91E6458AF002FC75E /* Info.plist */ = {isa = PBXFileReference; lastKnownFileType = text.plist.xml; path = Info.plist; sourceTree = "<group>"; };
		9F6009EE1E6458B0002FC75E /* ios-uikit-uifont-demoTests.xctest */ = {isa = PBXFileReference; explicitFileType = wrapper.cfbundle; includeInIndex = 0; path = "ios-uikit-uifont-demoTests.xctest"; sourceTree = BUILT_PRODUCTS_DIR; };
		9F6009F21E6458B0002FC75E /* ios_uikit_uifont_demoTests.swift */ = {isa = PBXFileReference; lastKnownFileType = sourcecode.swift; path = ios_uikit_uifont_demoTests.swift; sourceTree = "<group>"; };
		9F6009F41E6458B0002FC75E /* Info.plist */ = {isa = PBXFileReference; lastKnownFileType = text.plist.xml; path = Info.plist; sourceTree = "<group>"; };
		9F6009F91E6458B0002FC75E /* ios-uikit-uifont-demoUITests.xctest */ = {isa = PBXFileReference; explicitFileType = wrapper.cfbundle; includeInIndex = 0; path = "ios-uikit-uifont-demoUITests.xctest"; sourceTree = BUILT_PRODUCTS_DIR; };
		9F6009FD1E6458B0002FC75E /* ios_uikit_uifont_demoUITests.swift */ = {isa = PBXFileReference; lastKnownFileType = sourcecode.swift; path = ios_uikit_uifont_demoUITests.swift; sourceTree = "<group>"; };
		9F6009FF1E6458B0002FC75E /* Info.plist */ = {isa = PBXFileReference; lastKnownFileType = text.plist.xml; path = Info.plist; sourceTree = "<group>"; };
/* End PBXFileReference section */

/* Begin PBXFrameworksBuildPhase section */
		9F6009D71E6458AF002FC75E /* Frameworks */ = {
			isa = PBXFrameworksBuildPhase;
			buildActionMask = 2147483647;
			files = (
			);
			runOnlyForDeploymentPostprocessing = 0;
		};
		9F6009EB1E6458B0002FC75E /* Frameworks */ = {
			isa = PBXFrameworksBuildPhase;
			buildActionMask = 2147483647;
			files = (
			);
			runOnlyForDeploymentPostprocessing = 0;
		};
		9F6009F61E6458B0002FC75E /* Frameworks */ = {
			isa = PBXFrameworksBuildPhase;
			buildActionMask = 2147483647;
			files = (
			);
			runOnlyForDeploymentPostprocessing = 0;
		};
/* End PBXFrameworksBuildPhase section */

/* Begin PBXGroup section */
		9F6009D11E6458AF002FC75E = {
			isa = PBXGroup;
			children = (
				9F6009DC1E6458AF002FC75E /* ios-uikit-uifont-demo */,
				9F6009F11E6458B0002FC75E /* ios-uikit-uifont-demoTests */,
				9F6009FC1E6458B0002FC75E /* ios-uikit-uifont-demoUITests */,
				9F6009DB1E6458AF002FC75E /* Products */,
			);
			sourceTree = "<group>";
		};
		9F6009DB1E6458AF002FC75E /* Products */ = {
			isa = PBXGroup;
			children = (
				9F6009DA1E6458AF002FC75E /* ios-uikit-uifont-demo.app */,
				9F6009EE1E6458B0002FC75E /* ios-uikit-uifont-demoTests.xctest */,
				9F6009F91E6458B0002FC75E /* ios-uikit-uifont-demoUITests.xctest */,
			);
			name = Products;
			sourceTree = "<group>";
		};
		9F6009DC1E6458AF002FC75E /* ios-uikit-uifont-demo */ = {
			isa = PBXGroup;
			children = (
				9F6009DD1E6458AF002FC75E /* AppDelegate.swift */,
				9F6009DF1E6458AF002FC75E /* ViewController.swift */,
				9F6009E11E6458AF002FC75E /* Main.storyboard */,
				9F6009E41E6458AF002FC75E /* Assets.xcassets */,
				9F6009E61E6458AF002FC75E /* LaunchScreen.storyboard */,
				9F6009E91E6458AF002FC75E /* Info.plist */,
			);
			path = "ios-uikit-uifont-demo";
			sourceTree = "<group>";
		};
		9F6009F11E6458B0002FC75E /* ios-uikit-uifont-demoTests */ = {
			isa = PBXGroup;
			children = (
				9F6009F21E6458B0002FC75E /* ios_uikit_uifont_demoTests.swift */,
				9F6009F41E6458B0002FC75E /* Info.plist */,
			);
			path = "ios-uikit-uifont-demoTests";
			sourceTree = "<group>";
		};
		9F6009FC1E6458B0002FC75E /* ios-uikit-uifont-demoUITests */ = {
			isa = PBXGroup;
			children = (
				9F6009FD1E6458B0002FC75E /* ios_uikit_uifont_demoUITests.swift */,
				9F6009FF1E6458B0002FC75E /* Info.plist */,
			);
			path = "ios-uikit-uifont-demoUITests";
			sourceTree = "<group>";
		};
/* End PBXGroup section */

/* Begin PBXNativeTarget section */
		9F6009D91E6458AF002FC75E /* ios-uikit-uifont-demo */ = {
			isa = PBXNativeTarget;
			buildConfigurationList = 9F600A021E6458B0002FC75E /* Build configuration list for PBXNativeTarget "ios-uikit-uifont-demo" */;
			buildPhases = (
				9F6009D61E6458AF002FC75E /* Sources */,
				9F6009D71E6458AF002FC75E /* Frameworks */,
				9F6009D81E6458AF002FC75E /* Resources */,
			);
			buildRules = (
			);
			dependencies = (
			);
			name = "ios-uikit-uifont-demo";
			productName = "ios-uikit-uifont-demo";
			productReference = 9F6009DA1E6458AF002FC75E /* ios-uikit-uifont-demo.app */;
			productType = "com.apple.product-type.application";
		};
		9F6009ED1E6458B0002FC75E /* ios-uikit-uifont-demoTests */ = {
			isa = PBXNativeTarget;
			buildConfigurationList = 9F600A051E6458B0002FC75E /* Build configuration list for PBXNativeTarget "ios-uikit-uifont-demoTests" */;
			buildPhases = (
				9F6009EA1E6458B0002FC75E /* Sources */,
				9F6009EB1E6458B0002FC75E /* Frameworks */,
				9F6009EC1E6458B0002FC75E /* Resources */,
			);
			buildRules = (
			);
			dependencies = (
				9F6009F01E6458B0002FC75E /* PBXTargetDependency */,
			);
			name = "ios-uikit-uifont-demoTests";
			productName = "ios-uikit-uifont-demoTests";
			productReference = 9F6009EE1E6458B0002FC75E /* ios-uikit-uifont-demoTests.xctest */;
			productType = "com.apple.product-type.bundle.unit-test";
		};
		9F6009F81E6458B0002FC75E /* ios-uikit-uifont-demoUITests */ = {
			isa = PBXNativeTarget;
			buildConfigurationList = 9F600A081E6458B0002FC75E /* Build configuration list for PBXNativeTarget "ios-uikit-uifont-demoUITests" */;
			buildPhases = (
				9F6009F51E6458B0002FC75E /* Sources */,
				9F6009F61E6458B0002FC75E /* Frameworks */,
				9F6009F71E6458B0002FC75E /* Resources */,
			);
			buildRules = (
			);
			dependencies = (
				9F6009FB1E6458B0002FC75E /* PBXTargetDependency */,
			);
			name = "ios-uikit-uifont-demoUITests";
			productName = "ios-uikit-uifont-demoUITests";
			productReference = 9F6009F91E6458B0002FC75E /* ios-uikit-uifont-demoUITests.xctest */;
			productType = "com.apple.product-type.bundle.ui-testing";
		};
/* End PBXNativeTarget section */

/* Begin PBXProject section */
		9F6009D21E6458AF002FC75E /* Project object */ = {
			isa = PBXProject;
			attributes = {
				LastSwiftUpdateCheck = 0820;
				LastUpgradeCheck = 0820;
				ORGANIZATIONNAME = k_moto;
				TargetAttributes = {
					9F6009D91E6458AF002FC75E = {
						CreatedOnToolsVersion = 8.2;
						ProvisioningStyle = Automatic;
					};
					9F6009ED1E6458B0002FC75E = {
						CreatedOnToolsVersion = 8.2;
						ProvisioningStyle = Automatic;
						TestTargetID = 9F6009D91E6458AF002FC75E;
					};
					9F6009F81E6458B0002FC75E = {
						CreatedOnToolsVersion = 8.2;
						ProvisioningStyle = Automatic;
						TestTargetID = 9F6009D91E6458AF002FC75E;
					};
				};
			};
			buildConfigurationList = 9F6009D51E6458AF002FC75E /* Build configuration list for PBXProject "ios-uikit-uifont-demo" */;
			compatibilityVersion = "Xcode 3.2";
			developmentRegion = English;
			hasScannedForEncodings = 0;
			knownRegions = (
				en,
				Base,
			);
			mainGroup = 9F6009D11E6458AF002FC75E;
			productRefGroup = 9F6009DB1E6458AF002FC75E /* Products */;
			projectDirPath = "";
			projectRoot = "";
			targets = (
				9F6009D91E6458AF002FC75E /* ios-uikit-uifont-demo */,
				9F6009ED1E6458B0002FC75E /* ios-uikit-uifont-demoTests */,
				9F6009F81E6458B0002FC75E /* ios-uikit-uifont-demoUITests */,
			);
		};
/* End PBXProject section */

/* Begin PBXResourcesBuildPhase section */
		9F6009D81E6458AF002FC75E /* Resources */ = {
			isa = PBXResourcesBuildPhase;
			buildActionMask = 2147483647;
			files = (
				9F6009E81E6458AF002FC75E /* LaunchScreen.storyboard in Resources */,
				9F6009E51E6458AF002FC75E /* Assets.xcassets in Resources */,
				9F6009E31E6458AF002FC75E /* Main.storyboard in Resources */,
			);
			runOnlyForDeploymentPostprocessing = 0;
		};
		9F6009EC1E6458B0002FC75E /* Resources */ = {
			isa = PBXResourcesBuildPhase;
			buildActionMask = 2147483647;
			files = (
			);
			runOnlyForDeploymentPostprocessing = 0;
		};
		9F6009F71E6458B0002FC75E /* Resources */ = {
			isa = PBXResourcesBuildPhase;
			buildActionMask = 2147483647;
			files = (
			);
			runOnlyForDeploymentPostprocessing = 0;
		};
/* End PBXResourcesBuildPhase section */

/* Begin PBXSourcesBuildPhase section */
		9F6009D61E6458AF002FC75E /* Sources */ = {
			isa = PBXSourcesBuildPhase;
			buildActionMask = 2147483647;
			files = (
				9F6009E01E6458AF002FC75E /* ViewController.swift in Sources */,
				9F6009DE1E6458AF002FC75E /* AppDelegate.swift in Sources */,
			);
			runOnlyForDeploymentPostprocessing = 0;
		};
		9F6009EA1E6458B0002FC75E /* Sources */ = {
			isa = PBXSourcesBuildPhase;
			buildActionMask = 2147483647;
			files = (
				9F6009F31E6458B0002FC75E /* ios_uikit_uifont_demoTests.swift in Sources */,
			);
			runOnlyForDeploymentPostprocessing = 0;
		};
		9F6009F51E6458B0002FC75E /* Sources */ = {
			isa = PBXSourcesBuildPhase;
			buildActionMask = 2147483647;
			files = (
				9F6009FE1E6458B0002FC75E /* ios_uikit_uifont_demoUITests.swift in Sources */,
			);
			runOnlyForDeploymentPostprocessing = 0;
		};
/* End PBXSourcesBuildPhase section */

/* Begin PBXTargetDependency section */
		9F6009F01E6458B0002FC75E /* PBXTargetDependency */ = {
			isa = PBXTargetDependency;
			target = 9F6009D91E6458AF002FC75E /* ios-uikit-uifont-demo */;
			targetProxy = 9F6009EF1E6458B0002FC75E /* PBXContainerItemProxy */;
		};
		9F6009FB1E6458B0002FC75E /* PBXTargetDependency */ = {
			isa = PBXTargetDependency;
			target = 9F6009D91E6458AF002FC75E /* ios-uikit-uifont-demo */;
			targetProxy = 9F6009FA1E6458B0002FC75E /* PBXContainerItemProxy */;
		};
/* End PBXTargetDependency section */

/* Begin PBXVariantGroup section */
		9F6009E11E6458AF002FC75E /* Main.storyboard */ = {
			isa = PBXVariantGroup;
			children = (
				9F6009E21E6458AF002FC75E /* Base */,
			);
			name = Main.storyboard;
			sourceTree = "<group>";
		};
		9F6009E61E6458AF002FC75E /* LaunchScreen.storyboard */ = {
			isa = PBXVariantGroup;
			children = (
				9F6009E71E6458AF002FC75E /* Base */,
			);
			name = LaunchScreen.storyboard;
			sourceTree = "<group>";
		};
/* End PBXVariantGroup section */

/* Begin XCBuildConfiguration section */
		9F600A001E6458B0002FC75E /* Debug */ = {
			isa = XCBuildConfiguration;
			buildSettings = {
				ALWAYS_SEARCH_USER_PATHS = NO;
				CLANG_ANALYZER_NONNULL = YES;
				CLANG_CXX_LANGUAGE_STANDARD = "gnu++0x";
				CLANG_CXX_LIBRARY = "libc++";
				CLANG_ENABLE_MODULES = YES;
				CLANG_ENABLE_OBJC_ARC = YES;
				CLANG_WARN_BOOL_CONVERSION = YES;
				CLANG_WARN_CONSTANT_CONVERSION = YES;
				CLANG_WARN_DIRECT_OBJC_ISA_USAGE = YES_ERROR;
				CLANG_WARN_DOCUMENTATION_COMMENTS = YES;
				CLANG_WARN_EMPTY_BODY = YES;
				CLANG_WARN_ENUM_CONVERSION = YES;
				CLANG_WARN_INFINITE_RECURSION = YES;
				CLANG_WARN_INT_CONVERSION = YES;
				CLANG_WARN_OBJC_ROOT_CLASS = YES_ERROR;
				CLANG_WARN_SUSPICIOUS_MOVE = YES;
				CLANG_WARN_UNREACHABLE_CODE = YES;
				CLANG_WARN__DUPLICATE_METHOD_MATCH = YES;
				"CODE_SIGN_IDENTITY[sdk=iphoneos*]" = "iPhone Developer";
				COPY_PHASE_STRIP = NO;
				DEBUG_INFORMATION_FORMAT = dwarf;
				ENABLE_STRICT_OBJC_MSGSEND = YES;
				ENABLE_TESTABILITY = YES;
				GCC_C_LANGUAGE_STANDARD = gnu99;
				GCC_DYNAMIC_NO_PIC = NO;
				GCC_NO_COMMON_BLOCKS = YES;
				GCC_OPTIMIZATION_LEVEL = 0;
				GCC_PREPROCESSOR_DEFINITIONS = (
					"DEBUG=1",
					"$(inherited)",
				);
				GCC_WARN_64_TO_32_BIT_CONVERSION = YES;
				GCC_WARN_ABOUT_RETURN_TYPE = YES_ERROR;
				GCC_WARN_UNDECLARED_SELECTOR = YES;
				GCC_WARN_UNINITIALIZED_AUTOS = YES_AGGRESSIVE;
				GCC_WARN_UNUSED_FUNCTION = YES;
				GCC_WARN_UNUSED_VARIABLE = YES;
				IPHONEOS_DEPLOYMENT_TARGET = 10.2;
				MTL_ENABLE_DEBUG_INFO = YES;
				ONLY_ACTIVE_ARCH = YES;
				SDKROOT = iphoneos;
				SWIFT_ACTIVE_COMPILATION_CONDITIONS = DEBUG;
				SWIFT_OPTIMIZATION_LEVEL = "-Onone";
			};
			name = Debug;
		};
		9F600A011E6458B0002FC75E /* Release */ = {
			isa = XCBuildConfiguration;
			buildSettings = {
				ALWAYS_SEARCH_USER_PATHS = NO;
				CLANG_ANALYZER_NONNULL = YES;
				CLANG_CXX_LANGUAGE_STANDARD = "gnu++0x";
				CLANG_CXX_LIBRARY = "libc++";
				CLANG_ENABLE_MODULES = YES;
				CLANG_ENABLE_OBJC_ARC = YES;
				CLANG_WARN_BOOL_CONVERSION = YES;
				CLANG_WARN_CONSTANT_CONVERSION = YES;
				CLANG_WARN_DIRECT_OBJC_ISA_USAGE = YES_ERROR;
				CLANG_WARN_DOCUMENTATION_COMMENTS = YES;
				CLANG_WARN_EMPTY_BODY = YES;
				CLANG_WARN_ENUM_CONVERSION = YES;
				CLANG_WARN_INFINITE_RECURSION = YES;
				CLANG_WARN_INT_CONVERSION = YES;
				CLANG_WARN_OBJC_ROOT_CLASS = YES_ERROR;
				CLANG_WARN_SUSPICIOUS_MOVE = YES;
				CLANG_WARN_UNREACHABLE_CODE = YES;
				CLANG_WARN__DUPLICATE_METHOD_MATCH = YES;
				"CODE_SIGN_IDENTITY[sdk=iphoneos*]" = "iPhone Developer";
				COPY_PHASE_STRIP = NO;
				DEBUG_INFORMATION_FORMAT = "dwarf-with-dsym";
				ENABLE_NS_ASSERTIONS = NO;
				ENABLE_STRICT_OBJC_MSGSEND = YES;
				GCC_C_LANGUAGE_STANDARD = gnu99;
				GCC_NO_COMMON_BLOCKS = YES;
				GCC_WARN_64_TO_32_BIT_CONVERSION = YES;
				GCC_WARN_ABOUT_RETURN_TYPE = YES_ERROR;
				GCC_WARN_UNDECLARED_SELECTOR = YES;
				GCC_WARN_UNINITIALIZED_AUTOS = YES_AGGRESSIVE;
				GCC_WARN_UNUSED_FUNCTION = YES;
				GCC_WARN_UNUSED_VARIABLE = YES;
				IPHONEOS_DEPLOYMENT_TARGET = 10.2;
				MTL_ENABLE_DEBUG_INFO = NO;
				SDKROOT = iphoneos;
				SWIFT_OPTIMIZATION_LEVEL = "-Owholemodule";
				VALIDATE_PRODUCT = YES;
			};
			name = Release;
		};
		9F600A031E6458B0002FC75E /* Debug */ = {
			isa = XCBuildConfiguration;
			buildSettings = {
				ASSETCATALOG_COMPILER_APPICON_NAME = AppIcon;
				INFOPLIST_FILE = "ios-uikit-uifont-demo/Info.plist";
				LD_RUNPATH_SEARCH_PATHS = "$(inherited) @executable_path/Frameworks";
				PRODUCT_BUNDLE_IDENTIFIER = "jp.st-ventures.ios-uikit-uifont-demo";
				PRODUCT_NAME = "$(TARGET_NAME)";
				SWIFT_VERSION = 3.0;
			};
			name = Debug;
		};
		9F600A041E6458B0002FC75E /* Release */ = {
			isa = XCBuildConfiguration;
			buildSettings = {
				ASSETCATALOG_COMPILER_APPICON_NAME = AppIcon;
				INFOPLIST_FILE = "ios-uikit-uifont-demo/Info.plist";
				LD_RUNPATH_SEARCH_PATHS = "$(inherited) @executable_path/Frameworks";
				PRODUCT_BUNDLE_IDENTIFIER = "jp.st-ventures.ios-uikit-uifont-demo";
				PRODUCT_NAME = "$(TARGET_NAME)";
				SWIFT_VERSION = 3.0;
			};
			name = Release;
		};
		9F600A061E6458B0002FC75E /* Debug */ = {
			isa = XCBuildConfiguration;
			buildSettings = {
				ALWAYS_EMBED_SWIFT_STANDARD_LIBRARIES = YES;
				BUNDLE_LOADER = "$(TEST_HOST)";
				INFOPLIST_FILE = "ios-uikit-uifont-demoTests/Info.plist";
				LD_RUNPATH_SEARCH_PATHS = "$(inherited) @executable_path/Frameworks @loader_path/Frameworks";
				PRODUCT_BUNDLE_IDENTIFIER = "jp.st-ventures.ios-uikit-uifont-demoTests";
				PRODUCT_NAME = "$(TARGET_NAME)";
				SWIFT_VERSION = 3.0;
				TEST_HOST = "$(BUILT_PRODUCTS_DIR)/ios-uikit-uifont-demo.app/ios-uikit-uifont-demo";
			};
			name = Debug;
		};
		9F600A071E6458B0002FC75E /* Release */ = {
			isa = XCBuildConfiguration;
			buildSettings = {
				ALWAYS_EMBED_SWIFT_STANDARD_LIBRARIES = YES;
				BUNDLE_LOADER = "$(TEST_HOST)";
				INFOPLIST_FILE = "ios-uikit-uifont-demoTests/Info.plist";
				LD_RUNPATH_SEARCH_PATHS = "$(inherited) @executable_path/Frameworks @loader_path/Frameworks";
				PRODUCT_BUNDLE_IDENTIFIER = "jp.st-ventures.ios-uikit-uifont-demoTests";
				PRODUCT_NAME = "$(TARGET_NAME)";
				SWIFT_VERSION = 3.0;
				TEST_HOST = "$(BUILT_PRODUCTS_DIR)/ios-uikit-uifont-demo.app/ios-uikit-uifont-demo";
			};
			name = Release;
		};
		9F600A091E6458B0002FC75E /* Debug */ = {
			isa = XCBuildConfiguration;
			buildSettings = {
				ALWAYS_EMBED_SWIFT_STANDARD_LIBRARIES = YES;
				INFOPLIST_FILE = "ios-uikit-uifont-demoUITests/Info.plist";
				LD_RUNPATH_SEARCH_PATHS = "$(inherited) @executable_path/Frameworks @loader_path/Frameworks";
				PRODUCT_BUNDLE_IDENTIFIER = "jp.st-ventures.ios-uikit-uifont-demoUITests";
				PRODUCT_NAME = "$(TARGET_NAME)";
				SWIFT_VERSION = 3.0;
				TEST_TARGET_NAME = "ios-uikit-uifont-demo";
			};
			name = Debug;
		};
		9F600A0A1E6458B0002FC75E /* Release */ = {
			isa = XCBuildConfiguration;
			buildSettings = {
				ALWAYS_EMBED_SWIFT_STANDARD_LIBRARIES = YES;
				INFOPLIST_FILE = "ios-uikit-uifont-demoUITests/Info.plist";
				LD_RUNPATH_SEARCH_PATHS = "$(inherited) @executable_path/Frameworks @loader_path/Frameworks";
				PRODUCT_BUNDLE_IDENTIFIER = "jp.st-ventures.ios-uikit-uifont-demoUITests";
				PRODUCT_NAME = "$(TARGET_NAME)";
				SWIFT_VERSION = 3.0;
				TEST_TARGET_NAME = "ios-uikit-uifont-demo";
			};
			name = Release;
		};
/* End XCBuildConfiguration section */

/* Begin XCConfigurationList section */
		9F6009D51E6458AF002FC75E /* Build configuration list for PBXProject "ios-uikit-uifont-demo" */ = {
			isa = XCConfigurationList;
			buildConfigurations = (
				9F600A001E6458B0002FC75E /* Debug */,
				9F600A011E6458B0002FC75E /* Release */,
			);
			defaultConfigurationIsVisible = 0;
			defaultConfigurationName = Release;
		};
		9F600A021E6458B0002FC75E /* Build configuration list for PBXNativeTarget "ios-uikit-uifont-demo" */ = {
			isa = XCConfigurationList;
			buildConfigurations = (
				9F600A031E6458B0002FC75E /* Debug */,
				9F600A041E6458B0002FC75E /* Release */,
			);
			defaultConfigurationIsVisible = 0;
		};
		9F600A051E6458B0002FC75E /* Build configuration list for PBXNativeTarget "ios-uikit-uifont-demoTests" */ = {
			isa = XCConfigurationList;
			buildConfigurations = (
				9F600A061E6458B0002FC75E /* Debug */,
				9F600A071E6458B0002FC75E /* Release */,
			);
			defaultConfigurationIsVisible = 0;
		};
		9F600A081E6458B0002FC75E /* Build configuration list for PBXNativeTarget "ios-uikit-uifont-demoUITests" */ = {
			isa = XCConfigurationList;
			buildConfigurations = (
				9F600A091E6458B0002FC75E /* Debug */,
				9F600A0A1E6458B0002FC75E /* Release */,
			);
			defaultConfigurationIsVisible = 0;
		};
/* End XCConfigurationList section */
	};
	rootObject = 9F6009D21E6458AF002FC75E /* Project object */;
}
